
Microsoft Visual Studio Solution File, Format Version 12.00
Project("{2150E333-8FDC-42A3-9474-1A3956D46DE8}") = "src", "src", "{875A7E2E-4B7C-4AF0-A71E-3980B73AF363}"
EndProject
Project("{2150E333-8FDC-42A3-9474-1A3956D46DE8}") = "solution", "solution", "{C5E5655F-9B0D-4A93-9D0D-58216E8DE9C1}"
	ProjectSection(SolutionItems) = preProject
		.gitignore = .gitignore
		README.md = README.md
		LICENSE = LICENSE
	EndProjectSection
EndProject
Project("{2150E333-8FDC-42A3-9474-1A3956D46DE8}") = "docker", "docker", "{B7464426-9B29-4CF9-9B9C-6941D9E99060}"
EndProject
Project("{2150E333-8FDC-42A3-9474-1A3956D46DE8}") = "build", "build", "{0D17508F-2117-49C0-B661-4F3118C8126C}"
EndProject
Project("{FAE04EC0-301F-11D3-BF4B-00C04F79EFBC}") = "Elsa.Dashboard.ServerApp", "src\Elsa.Dashboard.ServerApp\Elsa.Dashboard.ServerApp.csproj", "{2EDFC97F-39F2-40B8-BA36-C3A68E3136B1}"
EndProject
Project("{FAE04EC0-301F-11D3-BF4B-00C04F79EFBC}") = "Elsa.Dashboard.UI", "src\Elsa.Dashboard.UI\Elsa.Dashboard.UI.csproj", "{03FDA1D7-AD7E-4B84-9726-1AACD3C931E9}"
EndProject
Project("{FAE04EC0-301F-11D3-BF4B-00C04F79EFBC}") = "Elsa.Dashboard.WebAssemblyApp", "src\Elsa.Dashboard.WebAssemblyApp\Elsa.Dashboard.WebAssemblyApp.csproj", "{17E6CCBF-C0C0-48DD-9E34-BFBE5A3E7B25}"
EndProject
Global
	GlobalSection(SolutionConfigurationPlatforms) = preSolution
		Debug|Any CPU = Debug|Any CPU
		Release|Any CPU = Release|Any CPU
	EndGlobalSection
	GlobalSection(ProjectConfigurationPlatforms) = postSolution
		{2EDFC97F-39F2-40B8-BA36-C3A68E3136B1}.Debug|Any CPU.ActiveCfg = Debug|Any CPU
		{2EDFC97F-39F2-40B8-BA36-C3A68E3136B1}.Debug|Any CPU.Build.0 = Debug|Any CPU
		{2EDFC97F-39F2-40B8-BA36-C3A68E3136B1}.Release|Any CPU.ActiveCfg = Release|Any CPU
		{2EDFC97F-39F2-40B8-BA36-C3A68E3136B1}.Release|Any CPU.Build.0 = Release|Any CPU
		{03FDA1D7-AD7E-4B84-9726-1AACD3C931E9}.Debug|Any CPU.ActiveCfg = Debug|Any CPU
		{03FDA1D7-AD7E-4B84-9726-1AACD3C931E9}.Debug|Any CPU.Build.0 = Debug|Any CPU
		{03FDA1D7-AD7E-4B84-9726-1AACD3C931E9}.Release|Any CPU.ActiveCfg = Release|Any CPU
		{03FDA1D7-AD7E-4B84-9726-1AACD3C931E9}.Release|Any CPU.Build.0 = Release|Any CPU
		{17E6CCBF-C0C0-48DD-9E34-BFBE5A3E7B25}.Debug|Any CPU.ActiveCfg = Debug|Any CPU
		{17E6CCBF-C0C0-48DD-9E34-BFBE5A3E7B25}.Debug|Any CPU.Build.0 = Debug|Any CPU
		{17E6CCBF-C0C0-48DD-9E34-BFBE5A3E7B25}.Release|Any CPU.ActiveCfg = Release|Any CPU
		{17E6CCBF-C0C0-48DD-9E34-BFBE5A3E7B25}.Release|Any CPU.Build.0 = Release|Any CPU
	EndGlobalSection
	GlobalSection(NestedProjects) = preSolution
		{2EDFC97F-39F2-40B8-BA36-C3A68E3136B1} = {875A7E2E-4B7C-4AF0-A71E-3980B73AF363}
		{03FDA1D7-AD7E-4B84-9726-1AACD3C931E9} = {875A7E2E-4B7C-4AF0-A71E-3980B73AF363}
		{17E6CCBF-C0C0-48DD-9E34-BFBE5A3E7B25} = {875A7E2E-4B7C-4AF0-A71E-3980B73AF363}
	EndGlobalSection
EndGlobal
