
Microsoft Visual Studio Solution File, Format Version 12.00
Project("{2150E333-8FDC-42A3-9474-1A3956D46DE8}") = "src", "src", "{875A7E2E-4B7C-4AF0-A71E-3980B73AF363}"
EndProject
Project("{2150E333-8FDC-42A3-9474-1A3956D46DE8}") = "solution", "solution", "{C5E5655F-9B0D-4A93-9D0D-58216E8DE9C1}"
	ProjectSection(SolutionItems) = preProject
		.gitignore = .gitignore
		README.md = README.md
		LICENSE = LICENSE
	EndProjectSection
EndProject
Project("{2150E333-8FDC-42A3-9474-1A3956D46DE8}") = "docker", "docker", "{B7464426-9B29-4CF9-9B9C-6941D9E99060}"
EndProject
Project("{2150E333-8FDC-42A3-9474-1A3956D46DE8}") = "build", "build", "{0D17508F-2117-49C0-B661-4F3118C8126C}"
EndProject
Project("{2150E333-8FDC-42A3-9474-1A3956D46DE8}") = "hosts", "hosts", "{2AA1AEE9-017E-4F8B-B5FC-2BEA37E83514}"
EndProject
Project("{2150E333-8FDC-42A3-9474-1A3956D46DE8}") = "modules", "modules", "{D66B9A40-8608-46F3-9868-625C50EACE43}"
EndProject
Project("{FAE04EC0-301F-11D3-BF4B-00C04F79EFBC}") = "Elsa.Studio.Host.Wasm", "src\hosts\Elsa.Studio.Host.Wasm\Elsa.Studio.Host.Wasm.csproj", "{B61B3A06-5AF3-4007-9D22-18A319549156}"
EndProject
Project("{FAE04EC0-301F-11D3-BF4B-00C04F79EFBC}") = "Elsa.Studio.Host.Server", "src\hosts\Elsa.Studio.Host.Server\Elsa.Studio.Host.Server.csproj", "{CE71F7A2-3AB3-4475-B7F4-CF5128D0A4F6}"
EndProject
Project("{FAE04EC0-301F-11D3-BF4B-00C04F79EFBC}") = "Elsa.Studio.Counter", "src\modules\Elsa.Studio.Counter\Elsa.Studio.Counter.csproj", "{F88BD795-2CBB-459E-8D19-8B208D4739CA}"
EndProject
Project("{2150E333-8FDC-42A3-9474-1A3956D46DE8}") = "framework", "framework", "{C5288F1B-F4E5-423C-AEE8-049996613668}"
EndProject
Project("{FAE04EC0-301F-11D3-BF4B-00C04F79EFBC}") = "Elsa.Studio.Core", "src\framework\Elsa.Studio.Core\Elsa.Studio.Core.csproj", "{CB05EE07-EC29-4FA0-AB61-4E62451B32C9}"
EndProject
Project("{FAE04EC0-301F-11D3-BF4B-00C04F79EFBC}") = "Elsa.Studio.Dashboard", "src\modules\Elsa.Studio.Dashboard\Elsa.Studio.Dashboard.csproj", "{533225AD-CF26-4467-ACA4-8AB8B16B2FE3}"
EndProject
Project("{FAE04EC0-301F-11D3-BF4B-00C04F79EFBC}") = "Elsa.Studio.Workflows.Designer", "src\modules\Elsa.Studio.Workflows.Designer\Elsa.Studio.Workflows.Designer.csproj", "{435A9CC4-5F05-4210-AB5B-F42484A9D0BF}"
EndProject
Project("{FAE04EC0-301F-11D3-BF4B-00C04F79EFBC}") = "Elsa.Studio.Shared", "src\modules\Elsa.Studio.Shared\Elsa.Studio.Shared.csproj", "{3CEA65CC-1CC6-4A09-8EC0-991603382D9C}"
EndProject
Project("{FAE04EC0-301F-11D3-BF4B-00C04F79EFBC}") = "Elsa.Studio.Environments", "src\modules\Elsa.Studio.Environments\Elsa.Studio.Environments.csproj", "{CE3DA9C9-1EE6-4570-BF8D-C98B10BC0BB1}"
EndProject
Project("{FAE04EC0-301F-11D3-BF4B-00C04F79EFBC}") = "Elsa.Studio.Shell", "src\framework\Elsa.Studio.Shell\Elsa.Studio.Shell.csproj", "{7F1322EB-7314-47A7-9F03-7D8CB31097C8}"
EndProject
Project("{FAE04EC0-301F-11D3-BF4B-00C04F79EFBC}") = "Elsa.Studio.Workflows", "src\modules\Elsa.Studio.Workflows\Elsa.Studio.Workflows.csproj", "{A3201759-2E91-467B-A912-F9D3CEEB89D0}"
EndProject
Project("{FAE04EC0-301F-11D3-BF4B-00C04F79EFBC}") = "Elsa.Studio.Backend", "src\modules\Elsa.Studio.Backend\Elsa.Studio.Backend.csproj", "{4F689F4A-FA72-479D-BC1B-2483DA3CF3D3}"
EndProject
Project("{FAE04EC0-301F-11D3-BF4B-00C04F79EFBC}") = "Elsa.Api.Client", "..\..\elsa-core\v3\src\clients\Elsa.Api.Client\Elsa.Api.Client.csproj", "{A1C8F995-F79C-4BF9-8F17-6C46AEB8BDA3}"
EndProject
Project("{FAE04EC0-301F-11D3-BF4B-00C04F79EFBC}") = "Elsa.Studio.Login", "src\modules\Elsa.Studio.Login\Elsa.Studio.Login.csproj", "{EB5C56F9-8AF4-4A34-A027-3FC3FFF2BF7D}"
EndProject
Project("{FAE04EC0-301F-11D3-BF4B-00C04F79EFBC}") = "Elsa.Studio.Security", "src\modules\Elsa.Studio.Security\Elsa.Studio.Security.csproj", "{0EDC185C-8497-468F-AED3-F40871716888}"
EndProject
Project("{FAE04EC0-301F-11D3-BF4B-00C04F79EFBC}") = "Elsa.Studio.Secrets", "src\modules\Elsa.Studio.Secrets\Elsa.Studio.Secrets.csproj", "{4041F5F3-0850-40A3-A426-073673F1FE1D}"
EndProject
Project("{FAE04EC0-301F-11D3-BF4B-00C04F79EFBC}") = "Elsa.Studio.Webhooks", "src\modules\Elsa.Studio.Webhooks\Elsa.Studio.Webhooks.csproj", "{936730BE-D1ED-468D-A569-ABC4CD339FEF}"
EndProject
Project("{FAE04EC0-301F-11D3-BF4B-00C04F79EFBC}") = "Elsa.Studio.Workflows.Core", "src\modules\Elsa.Studio.Workflows.Core\Elsa.Studio.Workflows.Core.csproj", "{33647BD7-6DB2-40BD-992D-82A58F21550E}"
EndProject
Project("{FAE04EC0-301F-11D3-BF4B-00C04F79EFBC}") = "Elsa.Studio.UIHintHandlers", "src\modules\Elsa.Studio.UIHintHandlers\Elsa.Studio.UIHintHandlers.csproj", "{437093C2-B821-4BB2-8FD8-1165671D10BF}"
EndProject
Project("{FAE04EC0-301F-11D3-BF4B-00C04F79EFBC}") = "Elsa.Studio.DomInterop", "src\modules\Elsa.Studio.DomInterop\Elsa.Studio.DomInterop.csproj", "{064CD170-0085-4AD4-AC67-30DB2FAE5B50}"
EndProject
Global
	GlobalSection(SolutionConfigurationPlatforms) = preSolution
		Debug|Any CPU = Debug|Any CPU
		Release|Any CPU = Release|Any CPU
	EndGlobalSection
	GlobalSection(ProjectConfigurationPlatforms) = postSolution
		{B61B3A06-5AF3-4007-9D22-18A319549156}.Debug|Any CPU.ActiveCfg = Debug|Any CPU
		{B61B3A06-5AF3-4007-9D22-18A319549156}.Debug|Any CPU.Build.0 = Debug|Any CPU
		{B61B3A06-5AF3-4007-9D22-18A319549156}.Release|Any CPU.ActiveCfg = Release|Any CPU
		{B61B3A06-5AF3-4007-9D22-18A319549156}.Release|Any CPU.Build.0 = Release|Any CPU
		{CE71F7A2-3AB3-4475-B7F4-CF5128D0A4F6}.Debug|Any CPU.ActiveCfg = Debug|Any CPU
		{CE71F7A2-3AB3-4475-B7F4-CF5128D0A4F6}.Debug|Any CPU.Build.0 = Debug|Any CPU
		{CE71F7A2-3AB3-4475-B7F4-CF5128D0A4F6}.Release|Any CPU.ActiveCfg = Release|Any CPU
		{CE71F7A2-3AB3-4475-B7F4-CF5128D0A4F6}.Release|Any CPU.Build.0 = Release|Any CPU
		{F88BD795-2CBB-459E-8D19-8B208D4739CA}.Debug|Any CPU.ActiveCfg = Debug|Any CPU
		{F88BD795-2CBB-459E-8D19-8B208D4739CA}.Debug|Any CPU.Build.0 = Debug|Any CPU
		{F88BD795-2CBB-459E-8D19-8B208D4739CA}.Release|Any CPU.ActiveCfg = Release|Any CPU
		{F88BD795-2CBB-459E-8D19-8B208D4739CA}.Release|Any CPU.Build.0 = Release|Any CPU
		{CB05EE07-EC29-4FA0-AB61-4E62451B32C9}.Debug|Any CPU.ActiveCfg = Debug|Any CPU
		{CB05EE07-EC29-4FA0-AB61-4E62451B32C9}.Debug|Any CPU.Build.0 = Debug|Any CPU
		{CB05EE07-EC29-4FA0-AB61-4E62451B32C9}.Release|Any CPU.ActiveCfg = Release|Any CPU
		{CB05EE07-EC29-4FA0-AB61-4E62451B32C9}.Release|Any CPU.Build.0 = Release|Any CPU
		{533225AD-CF26-4467-ACA4-8AB8B16B2FE3}.Debug|Any CPU.ActiveCfg = Debug|Any CPU
		{533225AD-CF26-4467-ACA4-8AB8B16B2FE3}.Debug|Any CPU.Build.0 = Debug|Any CPU
		{533225AD-CF26-4467-ACA4-8AB8B16B2FE3}.Release|Any CPU.ActiveCfg = Release|Any CPU
		{533225AD-CF26-4467-ACA4-8AB8B16B2FE3}.Release|Any CPU.Build.0 = Release|Any CPU
		{435A9CC4-5F05-4210-AB5B-F42484A9D0BF}.Debug|Any CPU.ActiveCfg = Debug|Any CPU
		{435A9CC4-5F05-4210-AB5B-F42484A9D0BF}.Debug|Any CPU.Build.0 = Debug|Any CPU
		{435A9CC4-5F05-4210-AB5B-F42484A9D0BF}.Release|Any CPU.ActiveCfg = Release|Any CPU
		{435A9CC4-5F05-4210-AB5B-F42484A9D0BF}.Release|Any CPU.Build.0 = Release|Any CPU
		{3CEA65CC-1CC6-4A09-8EC0-991603382D9C}.Debug|Any CPU.ActiveCfg = Debug|Any CPU
		{3CEA65CC-1CC6-4A09-8EC0-991603382D9C}.Debug|Any CPU.Build.0 = Debug|Any CPU
		{3CEA65CC-1CC6-4A09-8EC0-991603382D9C}.Release|Any CPU.ActiveCfg = Release|Any CPU
		{3CEA65CC-1CC6-4A09-8EC0-991603382D9C}.Release|Any CPU.Build.0 = Release|Any CPU
		{CE3DA9C9-1EE6-4570-BF8D-C98B10BC0BB1}.Debug|Any CPU.ActiveCfg = Debug|Any CPU
		{CE3DA9C9-1EE6-4570-BF8D-C98B10BC0BB1}.Debug|Any CPU.Build.0 = Debug|Any CPU
		{CE3DA9C9-1EE6-4570-BF8D-C98B10BC0BB1}.Release|Any CPU.ActiveCfg = Release|Any CPU
		{CE3DA9C9-1EE6-4570-BF8D-C98B10BC0BB1}.Release|Any CPU.Build.0 = Release|Any CPU
		{7F1322EB-7314-47A7-9F03-7D8CB31097C8}.Debug|Any CPU.ActiveCfg = Debug|Any CPU
		{7F1322EB-7314-47A7-9F03-7D8CB31097C8}.Debug|Any CPU.Build.0 = Debug|Any CPU
		{7F1322EB-7314-47A7-9F03-7D8CB31097C8}.Release|Any CPU.ActiveCfg = Release|Any CPU
		{7F1322EB-7314-47A7-9F03-7D8CB31097C8}.Release|Any CPU.Build.0 = Release|Any CPU
		{A3201759-2E91-467B-A912-F9D3CEEB89D0}.Debug|Any CPU.ActiveCfg = Debug|Any CPU
		{A3201759-2E91-467B-A912-F9D3CEEB89D0}.Debug|Any CPU.Build.0 = Debug|Any CPU
		{A3201759-2E91-467B-A912-F9D3CEEB89D0}.Release|Any CPU.ActiveCfg = Release|Any CPU
		{A3201759-2E91-467B-A912-F9D3CEEB89D0}.Release|Any CPU.Build.0 = Release|Any CPU
		{4F689F4A-FA72-479D-BC1B-2483DA3CF3D3}.Debug|Any CPU.ActiveCfg = Debug|Any CPU
		{4F689F4A-FA72-479D-BC1B-2483DA3CF3D3}.Debug|Any CPU.Build.0 = Debug|Any CPU
		{4F689F4A-FA72-479D-BC1B-2483DA3CF3D3}.Release|Any CPU.ActiveCfg = Release|Any CPU
		{4F689F4A-FA72-479D-BC1B-2483DA3CF3D3}.Release|Any CPU.Build.0 = Release|Any CPU
		{A1C8F995-F79C-4BF9-8F17-6C46AEB8BDA3}.Debug|Any CPU.ActiveCfg = Debug|Any CPU
		{A1C8F995-F79C-4BF9-8F17-6C46AEB8BDA3}.Debug|Any CPU.Build.0 = Debug|Any CPU
		{A1C8F995-F79C-4BF9-8F17-6C46AEB8BDA3}.Release|Any CPU.ActiveCfg = Release|Any CPU
		{A1C8F995-F79C-4BF9-8F17-6C46AEB8BDA3}.Release|Any CPU.Build.0 = Release|Any CPU
		{EB5C56F9-8AF4-4A34-A027-3FC3FFF2BF7D}.Debug|Any CPU.ActiveCfg = Debug|Any CPU
		{EB5C56F9-8AF4-4A34-A027-3FC3FFF2BF7D}.Debug|Any CPU.Build.0 = Debug|Any CPU
		{EB5C56F9-8AF4-4A34-A027-3FC3FFF2BF7D}.Release|Any CPU.ActiveCfg = Release|Any CPU
		{EB5C56F9-8AF4-4A34-A027-3FC3FFF2BF7D}.Release|Any CPU.Build.0 = Release|Any CPU
		{0EDC185C-8497-468F-AED3-F40871716888}.Debug|Any CPU.ActiveCfg = Debug|Any CPU
		{0EDC185C-8497-468F-AED3-F40871716888}.Debug|Any CPU.Build.0 = Debug|Any CPU
		{0EDC185C-8497-468F-AED3-F40871716888}.Release|Any CPU.ActiveCfg = Release|Any CPU
		{0EDC185C-8497-468F-AED3-F40871716888}.Release|Any CPU.Build.0 = Release|Any CPU
		{4041F5F3-0850-40A3-A426-073673F1FE1D}.Debug|Any CPU.ActiveCfg = Debug|Any CPU
		{4041F5F3-0850-40A3-A426-073673F1FE1D}.Debug|Any CPU.Build.0 = Debug|Any CPU
		{4041F5F3-0850-40A3-A426-073673F1FE1D}.Release|Any CPU.ActiveCfg = Release|Any CPU
		{4041F5F3-0850-40A3-A426-073673F1FE1D}.Release|Any CPU.Build.0 = Release|Any CPU
		{936730BE-D1ED-468D-A569-ABC4CD339FEF}.Debug|Any CPU.ActiveCfg = Debug|Any CPU
		{936730BE-D1ED-468D-A569-ABC4CD339FEF}.Debug|Any CPU.Build.0 = Debug|Any CPU
		{936730BE-D1ED-468D-A569-ABC4CD339FEF}.Release|Any CPU.ActiveCfg = Release|Any CPU
		{936730BE-D1ED-468D-A569-ABC4CD339FEF}.Release|Any CPU.Build.0 = Release|Any CPU
		{33647BD7-6DB2-40BD-992D-82A58F21550E}.Debug|Any CPU.ActiveCfg = Debug|Any CPU
		{33647BD7-6DB2-40BD-992D-82A58F21550E}.Debug|Any CPU.Build.0 = Debug|Any CPU
		{33647BD7-6DB2-40BD-992D-82A58F21550E}.Release|Any CPU.ActiveCfg = Release|Any CPU
		{33647BD7-6DB2-40BD-992D-82A58F21550E}.Release|Any CPU.Build.0 = Release|Any CPU
		{437093C2-B821-4BB2-8FD8-1165671D10BF}.Debug|Any CPU.ActiveCfg = Debug|Any CPU
		{437093C2-B821-4BB2-8FD8-1165671D10BF}.Debug|Any CPU.Build.0 = Debug|Any CPU
		{437093C2-B821-4BB2-8FD8-1165671D10BF}.Release|Any CPU.ActiveCfg = Release|Any CPU
		{437093C2-B821-4BB2-8FD8-1165671D10BF}.Release|Any CPU.Build.0 = Release|Any CPU
		{064CD170-0085-4AD4-AC67-30DB2FAE5B50}.Debug|Any CPU.ActiveCfg = Debug|Any CPU
		{064CD170-0085-4AD4-AC67-30DB2FAE5B50}.Debug|Any CPU.Build.0 = Debug|Any CPU
		{064CD170-0085-4AD4-AC67-30DB2FAE5B50}.Release|Any CPU.ActiveCfg = Release|Any CPU
		{064CD170-0085-4AD4-AC67-30DB2FAE5B50}.Release|Any CPU.Build.0 = Release|Any CPU
	EndGlobalSection
	GlobalSection(NestedProjects) = preSolution
		{2AA1AEE9-017E-4F8B-B5FC-2BEA37E83514} = {875A7E2E-4B7C-4AF0-A71E-3980B73AF363}
		{D66B9A40-8608-46F3-9868-625C50EACE43} = {875A7E2E-4B7C-4AF0-A71E-3980B73AF363}
		{B61B3A06-5AF3-4007-9D22-18A319549156} = {2AA1AEE9-017E-4F8B-B5FC-2BEA37E83514}
		{CE71F7A2-3AB3-4475-B7F4-CF5128D0A4F6} = {2AA1AEE9-017E-4F8B-B5FC-2BEA37E83514}
		{F88BD795-2CBB-459E-8D19-8B208D4739CA} = {D66B9A40-8608-46F3-9868-625C50EACE43}
		{C5288F1B-F4E5-423C-AEE8-049996613668} = {875A7E2E-4B7C-4AF0-A71E-3980B73AF363}
		{CB05EE07-EC29-4FA0-AB61-4E62451B32C9} = {C5288F1B-F4E5-423C-AEE8-049996613668}
		{533225AD-CF26-4467-ACA4-8AB8B16B2FE3} = {D66B9A40-8608-46F3-9868-625C50EACE43}
		{435A9CC4-5F05-4210-AB5B-F42484A9D0BF} = {D66B9A40-8608-46F3-9868-625C50EACE43}
		{3CEA65CC-1CC6-4A09-8EC0-991603382D9C} = {D66B9A40-8608-46F3-9868-625C50EACE43}
		{CE3DA9C9-1EE6-4570-BF8D-C98B10BC0BB1} = {D66B9A40-8608-46F3-9868-625C50EACE43}
		{7F1322EB-7314-47A7-9F03-7D8CB31097C8} = {C5288F1B-F4E5-423C-AEE8-049996613668}
		{A3201759-2E91-467B-A912-F9D3CEEB89D0} = {D66B9A40-8608-46F3-9868-625C50EACE43}
		{4F689F4A-FA72-479D-BC1B-2483DA3CF3D3} = {D66B9A40-8608-46F3-9868-625C50EACE43}
		{A1C8F995-F79C-4BF9-8F17-6C46AEB8BDA3} = {C5288F1B-F4E5-423C-AEE8-049996613668}
		{EB5C56F9-8AF4-4A34-A027-3FC3FFF2BF7D} = {D66B9A40-8608-46F3-9868-625C50EACE43}
		{0EDC185C-8497-468F-AED3-F40871716888} = {D66B9A40-8608-46F3-9868-625C50EACE43}
		{4041F5F3-0850-40A3-A426-073673F1FE1D} = {D66B9A40-8608-46F3-9868-625C50EACE43}
		{936730BE-D1ED-468D-A569-ABC4CD339FEF} = {D66B9A40-8608-46F3-9868-625C50EACE43}
		{33647BD7-6DB2-40BD-992D-82A58F21550E} = {D66B9A40-8608-46F3-9868-625C50EACE43}
		{437093C2-B821-4BB2-8FD8-1165671D10BF} = {D66B9A40-8608-46F3-9868-625C50EACE43}
		{064CD170-0085-4AD4-AC67-30DB2FAE5B50} = {D66B9A40-8608-46F3-9868-625C50EACE43}
	EndGlobalSection
EndGlobal
