
Microsoft Visual Studio Solution File, Format Version 12.00
Project("{2150E333-8FDC-42A3-9474-1A3956D46DE8}") = "src", "src", "{875A7E2E-4B7C-4AF0-A71E-3980B73AF363}"
EndProject
Project("{2150E333-8FDC-42A3-9474-1A3956D46DE8}") = "solution", "solution", "{C5E5655F-9B0D-4A93-9D0D-58216E8DE9C1}"
	ProjectSection(SolutionItems) = preProject
		.gitignore = .gitignore
		README.md = README.md
		LICENSE = LICENSE
	EndProjectSection
EndProject
Project("{2150E333-8FDC-42A3-9474-1A3956D46DE8}") = "docker", "docker", "{B7464426-9B29-4CF9-9B9C-6941D9E99060}"
EndProject
Project("{2150E333-8FDC-42A3-9474-1A3956D46DE8}") = "build", "build", "{0D17508F-2117-49C0-B661-4F3118C8126C}"
EndProject
Project("{2150E333-8FDC-42A3-9474-1A3956D46DE8}") = "hosts", "hosts", "{2AA1AEE9-017E-4F8B-B5FC-2BEA37E83514}"
EndProject
Project("{2150E333-8FDC-42A3-9474-1A3956D46DE8}") = "modules", "modules", "{D66B9A40-8608-46F3-9868-625C50EACE43}"
EndProject
Project("{2150E333-8FDC-42A3-9474-1A3956D46DE8}") = "shell", "shell", "{E89C8D49-04F7-4D13-B597-AFFDC95629C6}"
EndProject
Project("{FAE04EC0-301F-11D3-BF4B-00C04F79EFBC}") = "Elsa.Dashboard.Shell", "src\shell\Elsa.Dashboard.Shell\Elsa.Dashboard.Shell.csproj", "{574F2EC6-7443-44DB-9DAB-D6CA631A8CC5}"
EndProject
Project("{FAE04EC0-301F-11D3-BF4B-00C04F79EFBC}") = "Elsa.Dashboard.Host.Wasm", "src\hosts\Elsa.Dashboard.Host.Wasm\Elsa.Dashboard.Host.Wasm.csproj", "{B61B3A06-5AF3-4007-9D22-18A319549156}"
EndProject
Project("{FAE04EC0-301F-11D3-BF4B-00C04F79EFBC}") = "Elsa.Dashboard.Host.Server", "src\hosts\Elsa.Dashboard.Host.Server\Elsa.Dashboard.Host.Server.csproj", "{CE71F7A2-3AB3-4475-B7F4-CF5128D0A4F6}"
EndProject
Project("{FAE04EC0-301F-11D3-BF4B-00C04F79EFBC}") = "Elsa.Dashboard.Counter", "src\modules\Elsa.Dashboard.Counter\Elsa.Dashboard.Counter.csproj", "{F88BD795-2CBB-459E-8D19-8B208D4739CA}"
EndProject
Project("{2150E333-8FDC-42A3-9474-1A3956D46DE8}") = "framework", "framework", "{C5288F1B-F4E5-423C-AEE8-049996613668}"
EndProject
Project("{FAE04EC0-301F-11D3-BF4B-00C04F79EFBC}") = "Elsa.Dashboard.Core", "src\framework\Elsa.Dashboard.Core\Elsa.Dashboard.Core.csproj", "{CB05EE07-EC29-4FA0-AB61-4E62451B32C9}"
EndProject
Global
	GlobalSection(SolutionConfigurationPlatforms) = preSolution
		Debug|Any CPU = Debug|Any CPU
		Release|Any CPU = Release|Any CPU
	EndGlobalSection
	GlobalSection(ProjectConfigurationPlatforms) = postSolution
		{574F2EC6-7443-44DB-9DAB-D6CA631A8CC5}.Debug|Any CPU.ActiveCfg = Debug|Any CPU
		{574F2EC6-7443-44DB-9DAB-D6CA631A8CC5}.Debug|Any CPU.Build.0 = Debug|Any CPU
		{574F2EC6-7443-44DB-9DAB-D6CA631A8CC5}.Release|Any CPU.ActiveCfg = Release|Any CPU
		{574F2EC6-7443-44DB-9DAB-D6CA631A8CC5}.Release|Any CPU.Build.0 = Release|Any CPU
		{B61B3A06-5AF3-4007-9D22-18A319549156}.Debug|Any CPU.ActiveCfg = Debug|Any CPU
		{B61B3A06-5AF3-4007-9D22-18A319549156}.Debug|Any CPU.Build.0 = Debug|Any CPU
		{B61B3A06-5AF3-4007-9D22-18A319549156}.Release|Any CPU.ActiveCfg = Release|Any CPU
		{B61B3A06-5AF3-4007-9D22-18A319549156}.Release|Any CPU.Build.0 = Release|Any CPU
		{CE71F7A2-3AB3-4475-B7F4-CF5128D0A4F6}.Debug|Any CPU.ActiveCfg = Debug|Any CPU
		{CE71F7A2-3AB3-4475-B7F4-CF5128D0A4F6}.Debug|Any CPU.Build.0 = Debug|Any CPU
		{CE71F7A2-3AB3-4475-B7F4-CF5128D0A4F6}.Release|Any CPU.ActiveCfg = Release|Any CPU
		{CE71F7A2-3AB3-4475-B7F4-CF5128D0A4F6}.Release|Any CPU.Build.0 = Release|Any CPU
		{F88BD795-2CBB-459E-8D19-8B208D4739CA}.Debug|Any CPU.ActiveCfg = Debug|Any CPU
		{F88BD795-2CBB-459E-8D19-8B208D4739CA}.Debug|Any CPU.Build.0 = Debug|Any CPU
		{F88BD795-2CBB-459E-8D19-8B208D4739CA}.Release|Any CPU.ActiveCfg = Release|Any CPU
		{F88BD795-2CBB-459E-8D19-8B208D4739CA}.Release|Any CPU.Build.0 = Release|Any CPU
		{CB05EE07-EC29-4FA0-AB61-4E62451B32C9}.Debug|Any CPU.ActiveCfg = Debug|Any CPU
		{CB05EE07-EC29-4FA0-AB61-4E62451B32C9}.Debug|Any CPU.Build.0 = Debug|Any CPU
		{CB05EE07-EC29-4FA0-AB61-4E62451B32C9}.Release|Any CPU.ActiveCfg = Release|Any CPU
		{CB05EE07-EC29-4FA0-AB61-4E62451B32C9}.Release|Any CPU.Build.0 = Release|Any CPU
	EndGlobalSection
	GlobalSection(NestedProjects) = preSolution
		{2AA1AEE9-017E-4F8B-B5FC-2BEA37E83514} = {875A7E2E-4B7C-4AF0-A71E-3980B73AF363}
		{D66B9A40-8608-46F3-9868-625C50EACE43} = {875A7E2E-4B7C-4AF0-A71E-3980B73AF363}
		{E89C8D49-04F7-4D13-B597-AFFDC95629C6} = {875A7E2E-4B7C-4AF0-A71E-3980B73AF363}
		{574F2EC6-7443-44DB-9DAB-D6CA631A8CC5} = {E89C8D49-04F7-4D13-B597-AFFDC95629C6}
		{B61B3A06-5AF3-4007-9D22-18A319549156} = {2AA1AEE9-017E-4F8B-B5FC-2BEA37E83514}
		{CE71F7A2-3AB3-4475-B7F4-CF5128D0A4F6} = {2AA1AEE9-017E-4F8B-B5FC-2BEA37E83514}
		{F88BD795-2CBB-459E-8D19-8B208D4739CA} = {D66B9A40-8608-46F3-9868-625C50EACE43}
		{C5288F1B-F4E5-423C-AEE8-049996613668} = {875A7E2E-4B7C-4AF0-A71E-3980B73AF363}
		{CB05EE07-EC29-4FA0-AB61-4E62451B32C9} = {C5288F1B-F4E5-423C-AEE8-049996613668}
	EndGlobalSection
EndGlobal
